// !$*UTF8*$!
{
	archiveVersion = 1;
	classes = {
	};
	objectVersion = 50;
	objects = {

/* Begin PBXBuildFile section */
		1B7619FE248D0A8A000051B1 /* AppDelegate.swift in Sources */ = {isa = PBXBuildFile; fileRef = 1B7619FD248D0A8A000051B1 /* AppDelegate.swift */; };
		1B761A00248D0A8A000051B1 /* SceneDelegate.swift in Sources */ = {isa = PBXBuildFile; fileRef = 1B7619FF248D0A8A000051B1 /* SceneDelegate.swift */; };
		1B761A07248D0A8B000051B1 /* Assets.xcassets in Resources */ = {isa = PBXBuildFile; fileRef = 1B761A06248D0A8B000051B1 /* Assets.xcassets */; };
		1B761A0A248D0A8B000051B1 /* LaunchScreen.storyboard in Resources */ = {isa = PBXBuildFile; fileRef = 1B761A08248D0A8B000051B1 /* LaunchScreen.storyboard */; };
		1B761A15248D0A8B000051B1 /* PlaceholderTests.swift in Sources */ = {isa = PBXBuildFile; fileRef = 1B761A14248D0A8B000051B1 /* PlaceholderTests.swift */; };
		1B761A25248D14B0000051B1 /* Localizable.strings in Resources */ = {isa = PBXBuildFile; fileRef = 1B761A23248D14B0000051B1 /* Localizable.strings */; };
		1B761A2E248D1A0D000051B1 /* Constants.swift in Sources */ = {isa = PBXBuildFile; fileRef = 1B761A2D248D1A0D000051B1 /* Constants.swift */; };
		1BB2C30A248EC303000B81E1 /* NetworkWorker.swift in Sources */ = {isa = PBXBuildFile; fileRef = 1BB2C308248EC303000B81E1 /* NetworkWorker.swift */; };
		1BB2C30D248FAA99000B81E1 /* UsersListWorker.swift in Sources */ = {isa = PBXBuildFile; fileRef = 1BB2C30C248FAA99000B81E1 /* UsersListWorker.swift */; };
		1BB2C30F248FAD3E000B81E1 /* Utils.swift in Sources */ = {isa = PBXBuildFile; fileRef = 1BB2C30E248FAD3E000B81E1 /* Utils.swift */; };
		1BB2C323249002C1000B81E1 /* UserDetailPresenter.swift in Sources */ = {isa = PBXBuildFile; fileRef = 1BB2C31D249002C0000B81E1 /* UserDetailPresenter.swift */; };
		1BB2C325249002C1000B81E1 /* UserDetailRouter.swift in Sources */ = {isa = PBXBuildFile; fileRef = 1BB2C31F249002C0000B81E1 /* UserDetailRouter.swift */; };
		1BB2C326249002C1000B81E1 /* UserDetailModels.swift in Sources */ = {isa = PBXBuildFile; fileRef = 1BB2C320249002C1000B81E1 /* UserDetailModels.swift */; };
		1BB2C327249002C1000B81E1 /* UserDetailViewController.swift in Sources */ = {isa = PBXBuildFile; fileRef = 1BB2C321249002C1000B81E1 /* UserDetailViewController.swift */; };
		1BB2C328249002C1000B81E1 /* UserDetailInteractor.swift in Sources */ = {isa = PBXBuildFile; fileRef = 1BB2C322249002C1000B81E1 /* UserDetailInteractor.swift */; };
		1BB2C32A2490032D000B81E1 /* UserDetail.storyboard in Resources */ = {isa = PBXBuildFile; fileRef = 1BB2C3292490032D000B81E1 /* UserDetail.storyboard */; };
		1BCB716424914E0F00297495 /* Todo.swift in Sources */ = {isa = PBXBuildFile; fileRef = 1BCB716324914E0E00297495 /* Todo.swift */; };
		1BCB716D2491530700297495 /* TodosListViewController.swift in Sources */ = {isa = PBXBuildFile; fileRef = 1BCB71662491530700297495 /* TodosListViewController.swift */; };
		1BCB716E2491530800297495 /* TodosListInteractor.swift in Sources */ = {isa = PBXBuildFile; fileRef = 1BCB71672491530700297495 /* TodosListInteractor.swift */; };
		1BCB716F2491530800297495 /* TodosListWorker.swift in Sources */ = {isa = PBXBuildFile; fileRef = 1BCB71682491530700297495 /* TodosListWorker.swift */; };
		1BCB71702491530800297495 /* TodosListPresenter.swift in Sources */ = {isa = PBXBuildFile; fileRef = 1BCB71692491530700297495 /* TodosListPresenter.swift */; };
		1BCB71712491530800297495 /* TodosList.storyboard in Resources */ = {isa = PBXBuildFile; fileRef = 1BCB716A2491530700297495 /* TodosList.storyboard */; };
		1BCB71732491530800297495 /* TodosListModels.swift in Sources */ = {isa = PBXBuildFile; fileRef = 1BCB716C2491530700297495 /* TodosListModels.swift */; };
		1BCB717724917C5A00297495 /* TodosListRouter.swift in Sources */ = {isa = PBXBuildFile; fileRef = 1BCB717624917C5A00297495 /* TodosListRouter.swift */; };
		1BD57D7A248D26BA00ECF8A8 /* UsersListPresenter.swift in Sources */ = {isa = PBXBuildFile; fileRef = 1BD57D74248D26BA00ECF8A8 /* UsersListPresenter.swift */; };
		1BD57D7C248D26BA00ECF8A8 /* UsersListRouter.swift in Sources */ = {isa = PBXBuildFile; fileRef = 1BD57D76248D26BA00ECF8A8 /* UsersListRouter.swift */; };
		1BD57D7D248D26BA00ECF8A8 /* UsersListModels.swift in Sources */ = {isa = PBXBuildFile; fileRef = 1BD57D77248D26BA00ECF8A8 /* UsersListModels.swift */; };
		1BD57D7E248D26BA00ECF8A8 /* UsersListViewController.swift in Sources */ = {isa = PBXBuildFile; fileRef = 1BD57D78248D26BA00ECF8A8 /* UsersListViewController.swift */; };
		1BD57D7F248D26BA00ECF8A8 /* UsersListInteractor.swift in Sources */ = {isa = PBXBuildFile; fileRef = 1BD57D79248D26BA00ECF8A8 /* UsersListInteractor.swift */; };
		1BD57D82248D275C00ECF8A8 /* UsersList.storyboard in Resources */ = {isa = PBXBuildFile; fileRef = 1BD57D81248D275C00ECF8A8 /* UsersList.storyboard */; };
		1BD57D87248D348E00ECF8A8 /* CustomNavigationBar.xib in Resources */ = {isa = PBXBuildFile; fileRef = 1BD57D85248D348E00ECF8A8 /* CustomNavigationBar.xib */; };
		1BD57D88248D348E00ECF8A8 /* CustomNavigationBar.swift in Sources */ = {isa = PBXBuildFile; fileRef = 1BD57D86248D348E00ECF8A8 /* CustomNavigationBar.swift */; };
		1BD57D90248D380B00ECF8A8 /* UIView+Extensions.swift in Sources */ = {isa = PBXBuildFile; fileRef = 1BD57D8E248D380B00ECF8A8 /* UIView+Extensions.swift */; };
		1BD57D91248D380B00ECF8A8 /* String+Extensions.swift in Sources */ = {isa = PBXBuildFile; fileRef = 1BD57D8F248D380B00ECF8A8 /* String+Extensions.swift */; };
		1BD57D93248D388800ECF8A8 /* UIFont+Extensions.swift in Sources */ = {isa = PBXBuildFile; fileRef = 1BD57D92248D388800ECF8A8 /* UIFont+Extensions.swift */; };
		1BD57D95248D398600ECF8A8 /* UIColor+Extensions.swift in Sources */ = {isa = PBXBuildFile; fileRef = 1BD57D94248D398600ECF8A8 /* UIColor+Extensions.swift */; };
		1BD57D99248DB43500ECF8A8 /* User.swift in Sources */ = {isa = PBXBuildFile; fileRef = 1BD57D97248DB43500ECF8A8 /* User.swift */; };
		1BD57DA1248DCDB100ECF8A8 /* Lato-Black.ttf in Resources */ = {isa = PBXBuildFile; fileRef = 1BD57D9D248DCDB100ECF8A8 /* Lato-Black.ttf */; };
		1BD57DA2248DCDB100ECF8A8 /* Lato-Regular.ttf in Resources */ = {isa = PBXBuildFile; fileRef = 1BD57D9E248DCDB100ECF8A8 /* Lato-Regular.ttf */; };
/* End PBXBuildFile section */

/* Begin PBXContainerItemProxy section */
		1B761A11248D0A8B000051B1 /* PBXContainerItemProxy */ = {
			isa = PBXContainerItemProxy;
			containerPortal = 1B7619F2248D0A8A000051B1 /* Project object */;
			proxyType = 1;
			remoteGlobalIDString = 1B7619F9248D0A8A000051B1;
			remoteInfo = Placeholder;
		};
/* End PBXContainerItemProxy section */

/* Begin PBXFileReference section */
		1B7619FA248D0A8A000051B1 /* Placeholder.app */ = {isa = PBXFileReference; explicitFileType = wrapper.application; includeInIndex = 0; path = Placeholder.app; sourceTree = BUILT_PRODUCTS_DIR; };
		1B7619FD248D0A8A000051B1 /* AppDelegate.swift */ = {isa = PBXFileReference; lastKnownFileType = sourcecode.swift; path = AppDelegate.swift; sourceTree = "<group>"; };
		1B7619FF248D0A8A000051B1 /* SceneDelegate.swift */ = {isa = PBXFileReference; lastKnownFileType = sourcecode.swift; path = SceneDelegate.swift; sourceTree = "<group>"; };
		1B761A06248D0A8B000051B1 /* Assets.xcassets */ = {isa = PBXFileReference; lastKnownFileType = folder.assetcatalog; path = Assets.xcassets; sourceTree = "<group>"; };
		1B761A09248D0A8B000051B1 /* Base */ = {isa = PBXFileReference; lastKnownFileType = file.storyboard; name = Base; path = Base.lproj/LaunchScreen.storyboard; sourceTree = "<group>"; };
		1B761A0B248D0A8B000051B1 /* Info.plist */ = {isa = PBXFileReference; lastKnownFileType = text.plist.xml; path = Info.plist; sourceTree = "<group>"; };
		1B761A10248D0A8B000051B1 /* PlaceholderTests.xctest */ = {isa = PBXFileReference; explicitFileType = wrapper.cfbundle; includeInIndex = 0; path = PlaceholderTests.xctest; sourceTree = BUILT_PRODUCTS_DIR; };
		1B761A14248D0A8B000051B1 /* PlaceholderTests.swift */ = {isa = PBXFileReference; lastKnownFileType = sourcecode.swift; path = PlaceholderTests.swift; sourceTree = "<group>"; };
		1B761A16248D0A8B000051B1 /* Info.plist */ = {isa = PBXFileReference; lastKnownFileType = text.plist.xml; path = Info.plist; sourceTree = "<group>"; };
		1B761A24248D14B0000051B1 /* Base */ = {isa = PBXFileReference; lastKnownFileType = text.plist.strings; name = Base; path = Placeholder/Base.lproj/Localizable.strings; sourceTree = SOURCE_ROOT; };
		1B761A2D248D1A0D000051B1 /* Constants.swift */ = {isa = PBXFileReference; fileEncoding = 4; lastKnownFileType = sourcecode.swift; path = Constants.swift; sourceTree = "<group>"; };
		1BB2C308248EC303000B81E1 /* NetworkWorker.swift */ = {isa = PBXFileReference; fileEncoding = 4; lastKnownFileType = sourcecode.swift; path = NetworkWorker.swift; sourceTree = "<group>"; };
		1BB2C30C248FAA99000B81E1 /* UsersListWorker.swift */ = {isa = PBXFileReference; lastKnownFileType = sourcecode.swift; path = UsersListWorker.swift; sourceTree = "<group>"; };
		1BB2C30E248FAD3E000B81E1 /* Utils.swift */ = {isa = PBXFileReference; lastKnownFileType = sourcecode.swift; path = Utils.swift; sourceTree = "<group>"; };
		1BB2C31D249002C0000B81E1 /* UserDetailPresenter.swift */ = {isa = PBXFileReference; lastKnownFileType = sourcecode.swift; path = UserDetailPresenter.swift; sourceTree = "<group>"; };
		1BB2C31F249002C0000B81E1 /* UserDetailRouter.swift */ = {isa = PBXFileReference; lastKnownFileType = sourcecode.swift; path = UserDetailRouter.swift; sourceTree = "<group>"; };
		1BB2C320249002C1000B81E1 /* UserDetailModels.swift */ = {isa = PBXFileReference; lastKnownFileType = sourcecode.swift; path = UserDetailModels.swift; sourceTree = "<group>"; };
		1BB2C321249002C1000B81E1 /* UserDetailViewController.swift */ = {isa = PBXFileReference; lastKnownFileType = sourcecode.swift; path = UserDetailViewController.swift; sourceTree = "<group>"; };
		1BB2C322249002C1000B81E1 /* UserDetailInteractor.swift */ = {isa = PBXFileReference; lastKnownFileType = sourcecode.swift; path = UserDetailInteractor.swift; sourceTree = "<group>"; };
		1BB2C3292490032D000B81E1 /* UserDetail.storyboard */ = {isa = PBXFileReference; lastKnownFileType = file.storyboard; path = UserDetail.storyboard; sourceTree = "<group>"; };
		1BCB716324914E0E00297495 /* Todo.swift */ = {isa = PBXFileReference; fileEncoding = 4; lastKnownFileType = sourcecode.swift; path = Todo.swift; sourceTree = "<group>"; };
		1BCB71662491530700297495 /* TodosListViewController.swift */ = {isa = PBXFileReference; fileEncoding = 4; lastKnownFileType = sourcecode.swift; path = TodosListViewController.swift; sourceTree = "<group>"; };
		1BCB71672491530700297495 /* TodosListInteractor.swift */ = {isa = PBXFileReference; fileEncoding = 4; lastKnownFileType = sourcecode.swift; path = TodosListInteractor.swift; sourceTree = "<group>"; };
		1BCB71682491530700297495 /* TodosListWorker.swift */ = {isa = PBXFileReference; fileEncoding = 4; lastKnownFileType = sourcecode.swift; path = TodosListWorker.swift; sourceTree = "<group>"; };
		1BCB71692491530700297495 /* TodosListPresenter.swift */ = {isa = PBXFileReference; fileEncoding = 4; lastKnownFileType = sourcecode.swift; path = TodosListPresenter.swift; sourceTree = "<group>"; };
		1BCB716A2491530700297495 /* TodosList.storyboard */ = {isa = PBXFileReference; fileEncoding = 4; lastKnownFileType = file.storyboard; path = TodosList.storyboard; sourceTree = "<group>"; };
		1BCB716C2491530700297495 /* TodosListModels.swift */ = {isa = PBXFileReference; fileEncoding = 4; lastKnownFileType = sourcecode.swift; path = TodosListModels.swift; sourceTree = "<group>"; };
		1BCB717624917C5A00297495 /* TodosListRouter.swift */ = {isa = PBXFileReference; fileEncoding = 4; lastKnownFileType = sourcecode.swift; path = TodosListRouter.swift; sourceTree = "<group>"; };
		1BD57D74248D26BA00ECF8A8 /* UsersListPresenter.swift */ = {isa = PBXFileReference; lastKnownFileType = sourcecode.swift; path = UsersListPresenter.swift; sourceTree = "<group>"; };
		1BD57D76248D26BA00ECF8A8 /* UsersListRouter.swift */ = {isa = PBXFileReference; lastKnownFileType = sourcecode.swift; path = UsersListRouter.swift; sourceTree = "<group>"; };
		1BD57D77248D26BA00ECF8A8 /* UsersListModels.swift */ = {isa = PBXFileReference; lastKnownFileType = sourcecode.swift; path = UsersListModels.swift; sourceTree = "<group>"; };
		1BD57D78248D26BA00ECF8A8 /* UsersListViewController.swift */ = {isa = PBXFileReference; lastKnownFileType = sourcecode.swift; path = UsersListViewController.swift; sourceTree = "<group>"; };
		1BD57D79248D26BA00ECF8A8 /* UsersListInteractor.swift */ = {isa = PBXFileReference; lastKnownFileType = sourcecode.swift; path = UsersListInteractor.swift; sourceTree = "<group>"; };
		1BD57D81248D275C00ECF8A8 /* UsersList.storyboard */ = {isa = PBXFileReference; lastKnownFileType = file.storyboard; path = UsersList.storyboard; sourceTree = "<group>"; };
		1BD57D85248D348E00ECF8A8 /* CustomNavigationBar.xib */ = {isa = PBXFileReference; fileEncoding = 4; lastKnownFileType = file.xib; path = CustomNavigationBar.xib; sourceTree = "<group>"; };
		1BD57D86248D348E00ECF8A8 /* CustomNavigationBar.swift */ = {isa = PBXFileReference; fileEncoding = 4; lastKnownFileType = sourcecode.swift; path = CustomNavigationBar.swift; sourceTree = "<group>"; };
		1BD57D8E248D380B00ECF8A8 /* UIView+Extensions.swift */ = {isa = PBXFileReference; fileEncoding = 4; lastKnownFileType = sourcecode.swift; path = "UIView+Extensions.swift"; sourceTree = "<group>"; };
		1BD57D8F248D380B00ECF8A8 /* String+Extensions.swift */ = {isa = PBXFileReference; fileEncoding = 4; lastKnownFileType = sourcecode.swift; path = "String+Extensions.swift"; sourceTree = "<group>"; };
		1BD57D92248D388800ECF8A8 /* UIFont+Extensions.swift */ = {isa = PBXFileReference; lastKnownFileType = sourcecode.swift; path = "UIFont+Extensions.swift"; sourceTree = "<group>"; };
		1BD57D94248D398600ECF8A8 /* UIColor+Extensions.swift */ = {isa = PBXFileReference; lastKnownFileType = sourcecode.swift; path = "UIColor+Extensions.swift"; sourceTree = "<group>"; };
		1BD57D97248DB43500ECF8A8 /* User.swift */ = {isa = PBXFileReference; fileEncoding = 4; lastKnownFileType = sourcecode.swift; path = User.swift; sourceTree = "<group>"; };
		1BD57D9D248DCDB100ECF8A8 /* Lato-Black.ttf */ = {isa = PBXFileReference; lastKnownFileType = file; path = "Lato-Black.ttf"; sourceTree = "<group>"; };
		1BD57D9E248DCDB100ECF8A8 /* Lato-Regular.ttf */ = {isa = PBXFileReference; lastKnownFileType = file; path = "Lato-Regular.ttf"; sourceTree = "<group>"; };
/* End PBXFileReference section */

/* Begin PBXFrameworksBuildPhase section */
		1B7619F7248D0A8A000051B1 /* Frameworks */ = {
			isa = PBXFrameworksBuildPhase;
			buildActionMask = 2147483647;
			files = (
			);
			runOnlyForDeploymentPostprocessing = 0;
		};
		1B761A0D248D0A8B000051B1 /* Frameworks */ = {
			isa = PBXFrameworksBuildPhase;
			buildActionMask = 2147483647;
			files = (
			);
			runOnlyForDeploymentPostprocessing = 0;
		};
/* End PBXFrameworksBuildPhase section */

/* Begin PBXGroup section */
		1B7619F1248D0A8A000051B1 = {
			isa = PBXGroup;
			children = (
				1B7619FC248D0A8A000051B1 /* Placeholder */,
				1B761A13248D0A8B000051B1 /* PlaceholderTests */,
				1B7619FB248D0A8A000051B1 /* Products */,
			);
			sourceTree = "<group>";
		};
		1B7619FB248D0A8A000051B1 /* Products */ = {
			isa = PBXGroup;
			children = (
				1B7619FA248D0A8A000051B1 /* Placeholder.app */,
				1B761A10248D0A8B000051B1 /* PlaceholderTests.xctest */,
			);
			name = Products;
			sourceTree = "<group>";
		};
		1B7619FC248D0A8A000051B1 /* Placeholder */ = {
			isa = PBXGroup;
			children = (
				1B761A1F248D0C1E000051B1 /* Main */,
				1B761A20248D0D5B000051B1 /* Source */,
				1BD57DA4248EA2B300ECF8A8 /* Services */,
				1B761A22248D0DE1000051B1 /* Resources */,
			);
			path = Placeholder;
			sourceTree = "<group>";
		};
		1B761A13248D0A8B000051B1 /* PlaceholderTests */ = {
			isa = PBXGroup;
			children = (
				1B761A14248D0A8B000051B1 /* PlaceholderTests.swift */,
				1B761A16248D0A8B000051B1 /* Info.plist */,
			);
			path = PlaceholderTests;
			sourceTree = "<group>";
		};
		1B761A1F248D0C1E000051B1 /* Main */ = {
			isa = PBXGroup;
			children = (
				1B761A0B248D0A8B000051B1 /* Info.plist */,
				1B761A08248D0A8B000051B1 /* LaunchScreen.storyboard */,
			);
			path = Main;
			sourceTree = "<group>";
		};
		1B761A20248D0D5B000051B1 /* Source */ = {
			isa = PBXGroup;
			children = (
				1BB2C307248EC2AC000B81E1 /* Workers */,
				1B761A21248D0D86000051B1 /* Delegates */,
				1B761A2C248D17A7000051B1 /* Scenes */,
				1BD57D96248DB43500ECF8A8 /* Models */,
				1B761A27248D1624000051B1 /* Common */,
			);
			path = Source;
			sourceTree = "<group>";
		};
		1B761A21248D0D86000051B1 /* Delegates */ = {
			isa = PBXGroup;
			children = (
				1B7619FD248D0A8A000051B1 /* AppDelegate.swift */,
				1B7619FF248D0A8A000051B1 /* SceneDelegate.swift */,
			);
			path = Delegates;
			sourceTree = "<group>";
		};
		1B761A22248D0DE1000051B1 /* Resources */ = {
			isa = PBXGroup;
			children = (
				1BD57D9B248DCDB100ECF8A8 /* Fonts */,
				1B761A06248D0A8B000051B1 /* Assets.xcassets */,
				1B761A23248D14B0000051B1 /* Localizable.strings */,
			);
			path = Resources;
			sourceTree = "<group>";
		};
		1B761A27248D1624000051B1 /* Common */ = {
			isa = PBXGroup;
			children = (
				1BD57D83248D346B00ECF8A8 /* Components */,
				1B761A28248D163A000051B1 /* Utils */,
			);
			path = Common;
			sourceTree = "<group>";
		};
		1B761A28248D163A000051B1 /* Utils */ = {
			isa = PBXGroup;
			children = (
				1BB2C30E248FAD3E000B81E1 /* Utils.swift */,
				1B761A2D248D1A0D000051B1 /* Constants.swift */,
				1BD57D8D248D380B00ECF8A8 /* Extensions */,
			);
			path = Utils;
			sourceTree = "<group>";
		};
		1B761A2C248D17A7000051B1 /* Scenes */ = {
			isa = PBXGroup;
			children = (
				1BD57D80248D26C100ECF8A8 /* UsersList */,
				1BB2C31024900236000B81E1 /* UserDetail */,
				1BCB71652491530700297495 /* TodosList */,
			);
			path = Scenes;
			sourceTree = "<group>";
		};
		1BB2C307248EC2AC000B81E1 /* Workers */ = {
			isa = PBXGroup;
			children = (
				1BB2C308248EC303000B81E1 /* NetworkWorker.swift */,
			);
			path = Workers;
			sourceTree = "<group>";
		};
		1BB2C31024900236000B81E1 /* UserDetail */ = {
			isa = PBXGroup;
			children = (
				1BB2C3292490032D000B81E1 /* UserDetail.storyboard */,
				1BB2C320249002C1000B81E1 /* UserDetailModels.swift */,
				1BB2C321249002C1000B81E1 /* UserDetailViewController.swift */,
				1BB2C322249002C1000B81E1 /* UserDetailInteractor.swift */,
				1BB2C31D249002C0000B81E1 /* UserDetailPresenter.swift */,
				1BB2C31F249002C0000B81E1 /* UserDetailRouter.swift */,
			);
			path = UserDetail;
			sourceTree = "<group>";
		};
		1BCB71652491530700297495 /* TodosList */ = {
			isa = PBXGroup;
			children = (
				1BCB716A2491530700297495 /* TodosList.storyboard */,
				1BCB716C2491530700297495 /* TodosListModels.swift */,
				1BCB71662491530700297495 /* TodosListViewController.swift */,
				1BCB71672491530700297495 /* TodosListInteractor.swift */,
				1BCB71692491530700297495 /* TodosListPresenter.swift */,
				1BCB717624917C5A00297495 /* TodosListRouter.swift */,
				1BCB71682491530700297495 /* TodosListWorker.swift */,
			);
			path = TodosList;
			sourceTree = "<group>";
		};
		1BD57D80248D26C100ECF8A8 /* UsersList */ = {
			isa = PBXGroup;
			children = (
				1BD57D81248D275C00ECF8A8 /* UsersList.storyboard */,
				1BD57D77248D26BA00ECF8A8 /* UsersListModels.swift */,
				1BD57D78248D26BA00ECF8A8 /* UsersListViewController.swift */,
				1BD57D79248D26BA00ECF8A8 /* UsersListInteractor.swift */,
				1BD57D74248D26BA00ECF8A8 /* UsersListPresenter.swift */,
				1BD57D76248D26BA00ECF8A8 /* UsersListRouter.swift */,
				1BB2C30C248FAA99000B81E1 /* UsersListWorker.swift */,
			);
			path = UsersList;
			sourceTree = "<group>";
		};
		1BD57D83248D346B00ECF8A8 /* Components */ = {
			isa = PBXGroup;
			children = (
				1BD57D84248D348E00ECF8A8 /* CustomNavigationBar */,
			);
			path = Components;
			sourceTree = "<group>";
		};
		1BD57D84248D348E00ECF8A8 /* CustomNavigationBar */ = {
			isa = PBXGroup;
			children = (
				1BD57D85248D348E00ECF8A8 /* CustomNavigationBar.xib */,
				1BD57D86248D348E00ECF8A8 /* CustomNavigationBar.swift */,
			);
			path = CustomNavigationBar;
			sourceTree = "<group>";
		};
		1BD57D8D248D380B00ECF8A8 /* Extensions */ = {
			isa = PBXGroup;
			children = (
				1BD57D8E248D380B00ECF8A8 /* UIView+Extensions.swift */,
				1BD57D92248D388800ECF8A8 /* UIFont+Extensions.swift */,
				1BD57D94248D398600ECF8A8 /* UIColor+Extensions.swift */,
				1BD57D8F248D380B00ECF8A8 /* String+Extensions.swift */,
			);
			path = Extensions;
			sourceTree = "<group>";
		};
		1BD57D96248DB43500ECF8A8 /* Models */ = {
			isa = PBXGroup;
			children = (
				1BD57D97248DB43500ECF8A8 /* User.swift */,
				1BCB716324914E0E00297495 /* Todo.swift */,
			);
			name = Models;
			path = Placeholder/Models;
			sourceTree = SOURCE_ROOT;
		};
		1BD57D9B248DCDB100ECF8A8 /* Fonts */ = {
			isa = PBXGroup;
			children = (
				1BD57D9D248DCDB100ECF8A8 /* Lato-Black.ttf */,
				1BD57D9E248DCDB100ECF8A8 /* Lato-Regular.ttf */,
			);
			path = Fonts;
			sourceTree = "<group>";
		};
		1BD57DA4248EA2B300ECF8A8 /* Services */ = {
			isa = PBXGroup;
			children = (
			);
			path = Services;
			sourceTree = "<group>";
		};
/* End PBXGroup section */

/* Begin PBXNativeTarget section */
		1B7619F9248D0A8A000051B1 /* Placeholder */ = {
			isa = PBXNativeTarget;
			buildConfigurationList = 1B761A19248D0A8B000051B1 /* Build configuration list for PBXNativeTarget "Placeholder" */;
			buildPhases = (
				1B7619F6248D0A8A000051B1 /* Sources */,
				1B7619F7248D0A8A000051B1 /* Frameworks */,
				1B7619F8248D0A8A000051B1 /* Resources */,
			);
			buildRules = (
			);
			dependencies = (
			);
			name = Placeholder;
			productName = Placeholder;
			productReference = 1B7619FA248D0A8A000051B1 /* Placeholder.app */;
			productType = "com.apple.product-type.application";
		};
		1B761A0F248D0A8B000051B1 /* PlaceholderTests */ = {
			isa = PBXNativeTarget;
			buildConfigurationList = 1B761A1C248D0A8B000051B1 /* Build configuration list for PBXNativeTarget "PlaceholderTests" */;
			buildPhases = (
				1B761A0C248D0A8B000051B1 /* Sources */,
				1B761A0D248D0A8B000051B1 /* Frameworks */,
				1B761A0E248D0A8B000051B1 /* Resources */,
			);
			buildRules = (
			);
			dependencies = (
				1B761A12248D0A8B000051B1 /* PBXTargetDependency */,
			);
			name = PlaceholderTests;
			productName = PlaceholderTests;
			productReference = 1B761A10248D0A8B000051B1 /* PlaceholderTests.xctest */;
			productType = "com.apple.product-type.bundle.unit-test";
		};
/* End PBXNativeTarget section */

/* Begin PBXProject section */
		1B7619F2248D0A8A000051B1 /* Project object */ = {
			isa = PBXProject;
			attributes = {
				LastSwiftUpdateCheck = 1100;
				LastUpgradeCheck = 1100;
				ORGANIZATIONNAME = Rindus;
				TargetAttributes = {
					1B7619F9248D0A8A000051B1 = {
						CreatedOnToolsVersion = 11.0;
					};
					1B761A0F248D0A8B000051B1 = {
						CreatedOnToolsVersion = 11.0;
						TestTargetID = 1B7619F9248D0A8A000051B1;
					};
				};
			};
			buildConfigurationList = 1B7619F5248D0A8A000051B1 /* Build configuration list for PBXProject "Placeholder" */;
			compatibilityVersion = "Xcode 9.3";
			developmentRegion = en;
			hasScannedForEncodings = 0;
			knownRegions = (
				en,
				Base,
			);
			mainGroup = 1B7619F1248D0A8A000051B1;
			productRefGroup = 1B7619FB248D0A8A000051B1 /* Products */;
			projectDirPath = "";
			projectRoot = "";
			targets = (
				1B7619F9248D0A8A000051B1 /* Placeholder */,
				1B761A0F248D0A8B000051B1 /* PlaceholderTests */,
			);
		};
/* End PBXProject section */

/* Begin PBXResourcesBuildPhase section */
		1B7619F8248D0A8A000051B1 /* Resources */ = {
			isa = PBXResourcesBuildPhase;
			buildActionMask = 2147483647;
			files = (
				1BD57DA1248DCDB100ECF8A8 /* Lato-Black.ttf in Resources */,
				1BD57D87248D348E00ECF8A8 /* CustomNavigationBar.xib in Resources */,
				1BD57DA2248DCDB100ECF8A8 /* Lato-Regular.ttf in Resources */,
				1B761A0A248D0A8B000051B1 /* LaunchScreen.storyboard in Resources */,
				1B761A25248D14B0000051B1 /* Localizable.strings in Resources */,
				1B761A07248D0A8B000051B1 /* Assets.xcassets in Resources */,
				1BB2C32A2490032D000B81E1 /* UserDetail.storyboard in Resources */,
				1BCB71712491530800297495 /* TodosList.storyboard in Resources */,
				1BD57D82248D275C00ECF8A8 /* UsersList.storyboard in Resources */,
			);
			runOnlyForDeploymentPostprocessing = 0;
		};
		1B761A0E248D0A8B000051B1 /* Resources */ = {
			isa = PBXResourcesBuildPhase;
			buildActionMask = 2147483647;
			files = (
			);
			runOnlyForDeploymentPostprocessing = 0;
		};
/* End PBXResourcesBuildPhase section */

/* Begin PBXSourcesBuildPhase section */
		1B7619F6248D0A8A000051B1 /* Sources */ = {
			isa = PBXSourcesBuildPhase;
			buildActionMask = 2147483647;
			files = (
				1BD57D88248D348E00ECF8A8 /* CustomNavigationBar.swift in Sources */,
				1BD57D95248D398600ECF8A8 /* UIColor+Extensions.swift in Sources */,
				1BCB71732491530800297495 /* TodosListModels.swift in Sources */,
				1BCB716D2491530700297495 /* TodosListViewController.swift in Sources */,
				1BCB717724917C5A00297495 /* TodosListRouter.swift in Sources */,
				1BD57D91248D380B00ECF8A8 /* String+Extensions.swift in Sources */,
				1B761A2E248D1A0D000051B1 /* Constants.swift in Sources */,
				1BD57D7F248D26BA00ECF8A8 /* UsersListInteractor.swift in Sources */,
				1BB2C30D248FAA99000B81E1 /* UsersListWorker.swift in Sources */,
				1BD57D7D248D26BA00ECF8A8 /* UsersListModels.swift in Sources */,
				1BB2C327249002C1000B81E1 /* UserDetailViewController.swift in Sources */,
				1BCB716E2491530800297495 /* TodosListInteractor.swift in Sources */,
				1BD57D93248D388800ECF8A8 /* UIFont+Extensions.swift in Sources */,
				1BB2C326249002C1000B81E1 /* UserDetailModels.swift in Sources */,
				1BD57D99248DB43500ECF8A8 /* User.swift in Sources */,
				1BCB71702491530800297495 /* TodosListPresenter.swift in Sources */,
				1BD57D90248D380B00ECF8A8 /* UIView+Extensions.swift in Sources */,
				1B7619FE248D0A8A000051B1 /* AppDelegate.swift in Sources */,
				1BCB716424914E0F00297495 /* Todo.swift in Sources */,
				1BB2C325249002C1000B81E1 /* UserDetailRouter.swift in Sources */,
				1BCB716F2491530800297495 /* TodosListWorker.swift in Sources */,
				1BB2C323249002C1000B81E1 /* UserDetailPresenter.swift in Sources */,
				1BB2C30A248EC303000B81E1 /* NetworkWorker.swift in Sources */,
				1BB2C328249002C1000B81E1 /* UserDetailInteractor.swift in Sources */,
				1BD57D7A248D26BA00ECF8A8 /* UsersListPresenter.swift in Sources */,
				1BB2C30F248FAD3E000B81E1 /* Utils.swift in Sources */,
				1BD57D7E248D26BA00ECF8A8 /* UsersListViewController.swift in Sources */,
				1B761A00248D0A8A000051B1 /* SceneDelegate.swift in Sources */,
				1BD57D7C248D26BA00ECF8A8 /* UsersListRouter.swift in Sources */,
			);
			runOnlyForDeploymentPostprocessing = 0;
		};
		1B761A0C248D0A8B000051B1 /* Sources */ = {
			isa = PBXSourcesBuildPhase;
			buildActionMask = 2147483647;
			files = (
				1B761A15248D0A8B000051B1 /* PlaceholderTests.swift in Sources */,
			);
			runOnlyForDeploymentPostprocessing = 0;
		};
/* End PBXSourcesBuildPhase section */

/* Begin PBXTargetDependency section */
		1B761A12248D0A8B000051B1 /* PBXTargetDependency */ = {
			isa = PBXTargetDependency;
			target = 1B7619F9248D0A8A000051B1 /* Placeholder */;
			targetProxy = 1B761A11248D0A8B000051B1 /* PBXContainerItemProxy */;
		};
/* End PBXTargetDependency section */

/* Begin PBXVariantGroup section */
		1B761A08248D0A8B000051B1 /* LaunchScreen.storyboard */ = {
			isa = PBXVariantGroup;
			children = (
				1B761A09248D0A8B000051B1 /* Base */,
			);
			name = LaunchScreen.storyboard;
			sourceTree = "<group>";
		};
		1B761A23248D14B0000051B1 /* Localizable.strings */ = {
			isa = PBXVariantGroup;
			children = (
				1B761A24248D14B0000051B1 /* Base */,
			);
			name = Localizable.strings;
			sourceTree = "<group>";
		};
/* End PBXVariantGroup section */

/* Begin XCBuildConfiguration section */
		1B761A17248D0A8B000051B1 /* Debug */ = {
			isa = XCBuildConfiguration;
			buildSettings = {
				ALWAYS_SEARCH_USER_PATHS = NO;
				CLANG_ANALYZER_NONNULL = YES;
				CLANG_ANALYZER_NUMBER_OBJECT_CONVERSION = YES_AGGRESSIVE;
				CLANG_CXX_LANGUAGE_STANDARD = "gnu++14";
				CLANG_CXX_LIBRARY = "libc++";
				CLANG_ENABLE_MODULES = YES;
				CLANG_ENABLE_OBJC_ARC = YES;
				CLANG_ENABLE_OBJC_WEAK = YES;
				CLANG_WARN_BLOCK_CAPTURE_AUTORELEASING = YES;
				CLANG_WARN_BOOL_CONVERSION = YES;
				CLANG_WARN_COMMA = YES;
				CLANG_WARN_CONSTANT_CONVERSION = YES;
				CLANG_WARN_DEPRECATED_OBJC_IMPLEMENTATIONS = YES;
				CLANG_WARN_DIRECT_OBJC_ISA_USAGE = YES_ERROR;
				CLANG_WARN_DOCUMENTATION_COMMENTS = YES;
				CLANG_WARN_EMPTY_BODY = YES;
				CLANG_WARN_ENUM_CONVERSION = YES;
				CLANG_WARN_INFINITE_RECURSION = YES;
				CLANG_WARN_INT_CONVERSION = YES;
				CLANG_WARN_NON_LITERAL_NULL_CONVERSION = YES;
				CLANG_WARN_OBJC_IMPLICIT_RETAIN_SELF = YES;
				CLANG_WARN_OBJC_LITERAL_CONVERSION = YES;
				CLANG_WARN_OBJC_ROOT_CLASS = YES_ERROR;
				CLANG_WARN_RANGE_LOOP_ANALYSIS = YES;
				CLANG_WARN_STRICT_PROTOTYPES = YES;
				CLANG_WARN_SUSPICIOUS_MOVE = YES;
				CLANG_WARN_UNGUARDED_AVAILABILITY = YES_AGGRESSIVE;
				CLANG_WARN_UNREACHABLE_CODE = YES;
				CLANG_WARN__DUPLICATE_METHOD_MATCH = YES;
				COPY_PHASE_STRIP = NO;
				DEBUG_INFORMATION_FORMAT = dwarf;
				ENABLE_STRICT_OBJC_MSGSEND = YES;
				ENABLE_TESTABILITY = YES;
				GCC_C_LANGUAGE_STANDARD = gnu11;
				GCC_DYNAMIC_NO_PIC = NO;
				GCC_NO_COMMON_BLOCKS = YES;
				GCC_OPTIMIZATION_LEVEL = 0;
				GCC_PREPROCESSOR_DEFINITIONS = (
					"DEBUG=1",
					"$(inherited)",
				);
				GCC_WARN_64_TO_32_BIT_CONVERSION = YES;
				GCC_WARN_ABOUT_RETURN_TYPE = YES_ERROR;
				GCC_WARN_UNDECLARED_SELECTOR = YES;
				GCC_WARN_UNINITIALIZED_AUTOS = YES_AGGRESSIVE;
				GCC_WARN_UNUSED_FUNCTION = YES;
				GCC_WARN_UNUSED_VARIABLE = YES;
				IPHONEOS_DEPLOYMENT_TARGET = 13.0;
				MTL_ENABLE_DEBUG_INFO = INCLUDE_SOURCE;
				MTL_FAST_MATH = YES;
				ONLY_ACTIVE_ARCH = YES;
				SDKROOT = iphoneos;
				SWIFT_ACTIVE_COMPILATION_CONDITIONS = DEBUG;
				SWIFT_OPTIMIZATION_LEVEL = "-Onone";
			};
			name = Debug;
		};
		1B761A18248D0A8B000051B1 /* Release */ = {
			isa = XCBuildConfiguration;
			buildSettings = {
				ALWAYS_SEARCH_USER_PATHS = NO;
				CLANG_ANALYZER_NONNULL = YES;
				CLANG_ANALYZER_NUMBER_OBJECT_CONVERSION = YES_AGGRESSIVE;
				CLANG_CXX_LANGUAGE_STANDARD = "gnu++14";
				CLANG_CXX_LIBRARY = "libc++";
				CLANG_ENABLE_MODULES = YES;
				CLANG_ENABLE_OBJC_ARC = YES;
				CLANG_ENABLE_OBJC_WEAK = YES;
				CLANG_WARN_BLOCK_CAPTURE_AUTORELEASING = YES;
				CLANG_WARN_BOOL_CONVERSION = YES;
				CLANG_WARN_COMMA = YES;
				CLANG_WARN_CONSTANT_CONVERSION = YES;
				CLANG_WARN_DEPRECATED_OBJC_IMPLEMENTATIONS = YES;
				CLANG_WARN_DIRECT_OBJC_ISA_USAGE = YES_ERROR;
				CLANG_WARN_DOCUMENTATION_COMMENTS = YES;
				CLANG_WARN_EMPTY_BODY = YES;
				CLANG_WARN_ENUM_CONVERSION = YES;
				CLANG_WARN_INFINITE_RECURSION = YES;
				CLANG_WARN_INT_CONVERSION = YES;
				CLANG_WARN_NON_LITERAL_NULL_CONVERSION = YES;
				CLANG_WARN_OBJC_IMPLICIT_RETAIN_SELF = YES;
				CLANG_WARN_OBJC_LITERAL_CONVERSION = YES;
				CLANG_WARN_OBJC_ROOT_CLASS = YES_ERROR;
				CLANG_WARN_RANGE_LOOP_ANALYSIS = YES;
				CLANG_WARN_STRICT_PROTOTYPES = YES;
				CLANG_WARN_SUSPICIOUS_MOVE = YES;
				CLANG_WARN_UNGUARDED_AVAILABILITY = YES_AGGRESSIVE;
				CLANG_WARN_UNREACHABLE_CODE = YES;
				CLANG_WARN__DUPLICATE_METHOD_MATCH = YES;
				COPY_PHASE_STRIP = NO;
				DEBUG_INFORMATION_FORMAT = "dwarf-with-dsym";
				ENABLE_NS_ASSERTIONS = NO;
				ENABLE_STRICT_OBJC_MSGSEND = YES;
				GCC_C_LANGUAGE_STANDARD = gnu11;
				GCC_NO_COMMON_BLOCKS = YES;
				GCC_WARN_64_TO_32_BIT_CONVERSION = YES;
				GCC_WARN_ABOUT_RETURN_TYPE = YES_ERROR;
				GCC_WARN_UNDECLARED_SELECTOR = YES;
				GCC_WARN_UNINITIALIZED_AUTOS = YES_AGGRESSIVE;
				GCC_WARN_UNUSED_FUNCTION = YES;
				GCC_WARN_UNUSED_VARIABLE = YES;
				IPHONEOS_DEPLOYMENT_TARGET = 13.0;
				MTL_ENABLE_DEBUG_INFO = NO;
				MTL_FAST_MATH = YES;
				SDKROOT = iphoneos;
				SWIFT_COMPILATION_MODE = wholemodule;
				SWIFT_OPTIMIZATION_LEVEL = "-O";
				VALIDATE_PRODUCT = YES;
			};
			name = Release;
		};
		1B761A1A248D0A8B000051B1 /* Debug */ = {
			isa = XCBuildConfiguration;
			buildSettings = {
				ASSETCATALOG_COMPILER_APPICON_NAME = AppIcon;
				CODE_SIGN_STYLE = Automatic;
				DEVELOPMENT_TEAM = 658F24C294;
				INFOPLIST_FILE = Placeholder/Main/Info.plist;
				LD_RUNPATH_SEARCH_PATHS = (
					"$(inherited)",
					"@executable_path/Frameworks",
				);
				PRODUCT_BUNDLE_IDENTIFIER = rindus.Placeholder;
				PRODUCT_NAME = "$(TARGET_NAME)";
				SWIFT_VERSION = 5.0;
				TARGETED_DEVICE_FAMILY = 1;
			};
			name = Debug;
		};
		1B761A1B248D0A8B000051B1 /* Release */ = {
			isa = XCBuildConfiguration;
			buildSettings = {
				ASSETCATALOG_COMPILER_APPICON_NAME = AppIcon;
				CODE_SIGN_STYLE = Automatic;
				DEVELOPMENT_TEAM = 658F24C294;
				INFOPLIST_FILE = Placeholder/Main/Info.plist;
				LD_RUNPATH_SEARCH_PATHS = (
					"$(inherited)",
					"@executable_path/Frameworks",
				);
				PRODUCT_BUNDLE_IDENTIFIER = rindus.Placeholder;
				PRODUCT_NAME = "$(TARGET_NAME)";
				SWIFT_VERSION = 5.0;
				TARGETED_DEVICE_FAMILY = 1;
			};
			name = Release;
		};
		1B761A1D248D0A8B000051B1 /* Debug */ = {
			isa = XCBuildConfiguration;
			buildSettings = {
				ALWAYS_EMBED_SWIFT_STANDARD_LIBRARIES = YES;
				BUNDLE_LOADER = "$(TEST_HOST)";
				CODE_SIGN_STYLE = Automatic;
				DEVELOPMENT_TEAM = 658F24C294;
				INFOPLIST_FILE = PlaceholderTests/Info.plist;
				IPHONEOS_DEPLOYMENT_TARGET = 13.0;
				LD_RUNPATH_SEARCH_PATHS = (
					"$(inherited)",
					"@executable_path/Frameworks",
					"@loader_path/Frameworks",
				);
				PRODUCT_BUNDLE_IDENTIFIER = rindus.PlaceholderTests;
				PRODUCT_NAME = "$(TARGET_NAME)";
				SWIFT_VERSION = 5.0;
				TARGETED_DEVICE_FAMILY = "1,2";
				TEST_HOST = "$(BUILT_PRODUCTS_DIR)/Placeholder.app/Placeholder";
			};
			name = Debug;
		};
		1B761A1E248D0A8B000051B1 /* Release */ = {
			isa = XCBuildConfiguration;
			buildSettings = {
				ALWAYS_EMBED_SWIFT_STANDARD_LIBRARIES = YES;
				BUNDLE_LOADER = "$(TEST_HOST)";
				CODE_SIGN_STYLE = Automatic;
				DEVELOPMENT_TEAM = 658F24C294;
				INFOPLIST_FILE = PlaceholderTests/Info.plist;
				IPHONEOS_DEPLOYMENT_TARGET = 13.0;
				LD_RUNPATH_SEARCH_PATHS = (
					"$(inherited)",
					"@executable_path/Frameworks",
					"@loader_path/Frameworks",
				);
				PRODUCT_BUNDLE_IDENTIFIER = rindus.PlaceholderTests;
				PRODUCT_NAME = "$(TARGET_NAME)";
				SWIFT_VERSION = 5.0;
				TARGETED_DEVICE_FAMILY = "1,2";
				TEST_HOST = "$(BUILT_PRODUCTS_DIR)/Placeholder.app/Placeholder";
			};
			name = Release;
		};
/* End XCBuildConfiguration section */

/* Begin XCConfigurationList section */
		1B7619F5248D0A8A000051B1 /* Build configuration list for PBXProject "Placeholder" */ = {
			isa = XCConfigurationList;
			buildConfigurations = (
				1B761A17248D0A8B000051B1 /* Debug */,
				1B761A18248D0A8B000051B1 /* Release */,
			);
			defaultConfigurationIsVisible = 0;
			defaultConfigurationName = Release;
		};
		1B761A19248D0A8B000051B1 /* Build configuration list for PBXNativeTarget "Placeholder" */ = {
			isa = XCConfigurationList;
			buildConfigurations = (
				1B761A1A248D0A8B000051B1 /* Debug */,
				1B761A1B248D0A8B000051B1 /* Release */,
			);
			defaultConfigurationIsVisible = 0;
			defaultConfigurationName = Release;
		};
		1B761A1C248D0A8B000051B1 /* Build configuration list for PBXNativeTarget "PlaceholderTests" */ = {
			isa = XCConfigurationList;
			buildConfigurations = (
				1B761A1D248D0A8B000051B1 /* Debug */,
				1B761A1E248D0A8B000051B1 /* Release */,
			);
			defaultConfigurationIsVisible = 0;
			defaultConfigurationName = Release;
		};
/* End XCConfigurationList section */
	};
	rootObject = 1B7619F2248D0A8A000051B1 /* Project object */;
}
